Microsoft Visual Studio Solution File, Format Version 12.00
# Visual Studio Version 17
VisualStudioVersion = 17.0.31903.59
MinimumVisualStudioVersion = 10.0.40219.1
Project("{FAE04EC0-301F-11D3-BF4B-00C04F79EFBC}") = "CIMMonitor", "CIMMonitor\CIMMonitor.csproj", "{E2F2B7D6-8EB2-4C9F-9C22-9A7C6D7F7E8A}"
EndProject
Project("{FAE04EC0-301F-11D3-BF4B-00C04F79EFBC}") = "HsmsSimulator", "HsmsSimulator\HsmsSimulator.csproj", "{4D1AE818-D7BC-4677-8BFC-B7CF7DDD8F8E}"
EndProject
Project("{FAE04EC0-301F-11D3-BF4B-00C04F79EFBC}") = "WCFServices", "WCFServices\WCFServices.csproj", "{DF4984D3-3CD4-429B-8924-9780D6362B73}"
EndProject
Project("{FAE04EC0-301F-11D3-BF4B-00C04F79EFBC}") = "Common", "Common\Common.csproj", "{20FD2490-6345-467B-A24B-6921F2486301}"
EndProject
Global
	GlobalSection(SolutionConfigurationPlatforms) = preSolution
		Debug|Any CPU = Debug|Any CPU
		Release|Any CPU = Release|Any CPU
	EndGlobalSection
	GlobalSection(ProjectConfigurationPlatforms) = postSolution
		{E2F2B7D6-8EB2-4C9F-9C22-9A7C6D7F7E8A}.Debug|Any CPU.ActiveCfg = Debug|Any CPU
		{E2F2B7D6-8EB2-4C9F-9C22-9A7C6D7F7E8A}.Debug|Any CPU.Build.0 = Debug|Any CPU
		{E2F2B7D6-8EB2-4C9F-9C22-9A7C6D7F7E8A}.Release|Any CPU.ActiveCfg = Release|Any CPU
		{E2F2B7D6-8EB2-4C9F-9C22-9A7C6D7F7E8A}.Release|Any CPU.Build.0 = Release|Any CPU
		{4D1AE818-D7BC-4677-8BFC-B7CF7DDD8F8E}.Debug|Any CPU.ActiveCfg = Debug|Any CPU
		{4D1AE818-D7BC-4677-8BFC-B7CF7DDD8F8E}.Debug|Any CPU.Build.0 = Debug|Any CPU
		{4D1AE818-D7BC-4677-8BFC-B7CF7DDD8F8E}.Release|Any CPU.ActiveCfg = Release|Any CPU
		{4D1AE818-D7BC-4677-8BFC-B7CF7DDD8F8E}.Release|Any CPU.Build.0 = Release|Any CPU
		{DF4984D3-3CD4-429B-8924-9780D6362B73}.Debug|Any CPU.ActiveCfg = Debug|Any CPU
		{DF4984D3-3CD4-429B-8924-9780D6362B73}.Debug|Any CPU.Build.0 = Debug|Any CPU
		{DF4984D3-3CD4-429B-8924-9780D6362B73}.Release|Any CPU.ActiveCfg = Release|Any CPU
		{DF4984D3-3CD4-429B-8924-9780D6362B73}.Release|Any CPU.Build.0 = Release|Any CPU
		{20FD2490-6345-467B-A24B-6921F2486301}.Debug|Any CPU.ActiveCfg = Debug|Any CPU
		{20FD2490-6345-467B-A24B-6921F2486301}.Debug|Any CPU.Build.0 = Debug|Any CPU
		{20FD2490-6345-467B-A24B-6921F2486301}.Release|Any CPU.ActiveCfg = Release|Any CPU
		{20FD2490-6345-467B-A24B-6921F2486301}.Release|Any CPU.Build.0 = Release|Any CPU
	EndGlobalSection
	GlobalSection(SolutionProperties) = preSolution
		HideSolutionNode = FALSE
	EndGlobalSection
	GlobalSection(ExtensibilityGlobals) = postSolution
		SolutionGuid = {05E1D8C9-15F5-49E5-BF7B-9750CE132834}
	EndGlobalSection
EndGlobal
